<?xml version="1.0" encoding="utf-8"?>
<Project ToolsVersion="4.0" xmlns="http://schemas.microsoft.com/developer/msbuild/2003">
  <ItemGroup>
    <None Include="packages.config" />
    <None Include="Normal Mapping\shader.frag">
      <Filter>Sources</Filter>
    </None>
    <None Include="Normal Mapping\shader.vert">
      <Filter>Sources</Filter>
    </None>
  </ItemGroup>
  <ItemGroup>
    <Filter Include="Sources">
      <UniqueIdentifier>{9d1fcd36-6640-4f4c-9183-7868a91b238a}</UniqueIdentifier>
    </Filter>
  </ItemGroup>
  <ItemGroup>
    <Image Include="Normal Mapping\brickwall.jpg">
      <Filter>Sources</Filter>
    </Image>
    <Image Include="Normal Mapping\brickwall_normal.jpg">
      <Filter>Sources</Filter>
    </Image>
  </ItemGroup>
  <ItemGroup>
    <ClCompile Include="Normal Mapping\Camera.cpp">
      <Filter>Sources</Filter>
    </ClCompile>
    <ClCompile Include="Normal Mapping\Normal Mapping.cpp">
      <Filter>Sources</Filter>
    </ClCompile>
    <ClCompile Include="Normal Mapping\shader.cpp">
      <Filter>Sources</Filter>
    </ClCompile>
    <ClCompile Include="Normal Mapping\Texture.cpp">
      <Filter>Sources</Filter>
    </ClCompile>
  </ItemGroup>
  <ItemGroup>
    <ClInclude Include="Normal Mapping\Camera.h">
      <Filter>Sources</Filter>
    </ClInclude>
    <ClInclude Include="Normal Mapping\shader.h">
      <Filter>Sources</Filter>
    </ClInclude>
  </ItemGroup>
</Project>