<?xml version="1.0" encoding="utf-8"?>
<Project ToolsVersion="4.0" xmlns="http://schemas.microsoft.com/developer/msbuild/2003">
  <ItemGroup>
    <None Include="packages.config" />
    <None Include="Depth Testing\container.frag">
      <Filter>Sources</Filter>
    </None>
    <None Include="Depth Testing\container.vert">
      <Filter>Sources</Filter>
    </None>
  </ItemGroup>
  <ItemGroup>
    <Filter Include="Sources">
      <UniqueIdentifier>{9d1fcd36-6640-4f4c-9183-7868a91b238a}</UniqueIdentifier>
    </Filter>
  </ItemGroup>
  <ItemGroup>
    <ClCompile Include="Depth Testing\Camera.cpp">
      <Filter>Sources</Filter>
    </ClCompile>
    <ClCompile Include="Depth Testing\Depth Testing.cpp">
      <Filter>Sources</Filter>
    </ClCompile>
    <ClCompile Include="Depth Testing\shader.cpp">
      <Filter>Sources</Filter>
    </ClCompile>
    <ClCompile Include="Depth Testing\Texture.cpp">
      <Filter>Sources</Filter>
    </ClCompile>
  </ItemGroup>
  <ItemGroup>
    <ClInclude Include="Depth Testing\Camera.h">
      <Filter>Sources</Filter>
    </ClInclude>
    <ClInclude Include="Depth Testing\shader.h">
      <Filter>Sources</Filter>
    </ClInclude>
  </ItemGroup>
  <ItemGroup>
    <Image Include="Depth Testing\metal.png">
      <Filter>Sources</Filter>
    </Image>
    <Image Include="Depth Testing\pattern4diffuseblack.jpg">
      <Filter>Sources</Filter>
    </Image>
  </ItemGroup>
</Project>